
Microsoft Visual Studio Solution File, Format Version 12.00
# Visual Studio Version 17
VisualStudioVersion = 17.6.33723.286
MinimumVisualStudioVersion = 10.0.40219.1
Project("{FAE04EC0-301F-11D3-BF4B-00C04F79EFBC}") = "Csharp_bitmap_graphics_editor", "Csharp_bitmap_graphics_editor\Csharp_bitmap_graphics_editor.csproj", "{2B754C3E-5468-4192-8855-36AFBD564A6D}"
EndProject
Global
	GlobalSection(SolutionConfigurationPlatforms) = preSolution
		Debug|Any CPU = Debug|Any CPU
		Release|Any CPU = Release|Any CPU
	EndGlobalSection
	GlobalSection(ProjectConfigurationPlatforms) = postSolution
		{2B754C3E-5468-4192-8855-36AFBD564A6D}.Debug|Any CPU.ActiveCfg = Debug|Any CPU
		{2B754C3E-5468-4192-8855-36AFBD564A6D}.Debug|Any CPU.Build.0 = Debug|Any CPU
		{2B754C3E-5468-4192-8855-36AFBD564A6D}.Release|Any CPU.ActiveCfg = Release|Any CPU
		{2B754C3E-5468-4192-8855-36AFBD564A6D}.Release|Any CPU.Build.0 = Release|Any CPU
	EndGlobalSection
	GlobalSection(SolutionProperties) = preSolution
		HideSolutionNode = FALSE
	EndGlobalSection
	GlobalSection(ExtensibilityGlobals) = postSolution
		SolutionGuid = {4A41B23F-C47E-4B51-B7B8-07370C118769}
	EndGlobalSection
EndGlobal
